
Microsoft Visual Studio Solution File, Format Version 12.00
# Visual Studio 15
VisualStudioVersion = 15.0.26621.2
MinimumVisualStudioVersion = 10.0.40219.1
Project("{FAE04EC0-301F-11D3-BF4B-00C04F79EFBC}") = "FreelanceTimeTracker", "FreelanceTimeTracker\FreelanceTimeTracker.csproj", "{EA73E4F6-5434-49AB-A2FC-FE30BCA35DE2}"
EndProject
Project("{FAE04EC0-301F-11D3-BF4B-00C04F79EFBC}") = "FreelanceTimeTracker.Tests", "FreelanceTimeTracker.Tests\FreelanceTimeTracker.Tests.csproj", "{0DF2B2BB-A10E-4404-A474-8798AFECD95F}"
EndProject
Global
	GlobalSection(SolutionConfigurationPlatforms) = preSolution
		Debug|Any CPU = Debug|Any CPU
		Release|Any CPU = Release|Any CPU
	EndGlobalSection
	GlobalSection(ProjectConfigurationPlatforms) = postSolution
		{EA73E4F6-5434-49AB-A2FC-FE30BCA35DE2}.Debug|Any CPU.ActiveCfg = Debug|Any CPU
		{EA73E4F6-5434-49AB-A2FC-FE30BCA35DE2}.Debug|Any CPU.Build.0 = Debug|Any CPU
		{EA73E4F6-5434-49AB-A2FC-FE30BCA35DE2}.Release|Any CPU.ActiveCfg = Release|Any CPU
		{EA73E4F6-5434-49AB-A2FC-FE30BCA35DE2}.Release|Any CPU.Build.0 = Release|Any CPU
		{0DF2B2BB-A10E-4404-A474-8798AFECD95F}.Debug|Any CPU.ActiveCfg = Debug|Any CPU
		{0DF2B2BB-A10E-4404-A474-8798AFECD95F}.Debug|Any CPU.Build.0 = Debug|Any CPU
		{0DF2B2BB-A10E-4404-A474-8798AFECD95F}.Release|Any CPU.ActiveCfg = Release|Any CPU
		{0DF2B2BB-A10E-4404-A474-8798AFECD95F}.Release|Any CPU.Build.0 = Release|Any CPU
	EndGlobalSection
	GlobalSection(SolutionProperties) = preSolution
		HideSolutionNode = FALSE
	EndGlobalSection
	GlobalSection(ExtensibilityGlobals) = postSolution
		SolutionGuid = {81EFEDEE-2969-469E-9F9D-CBC3F6FC8F4E}
	EndGlobalSection
EndGlobal
